github.com/chuccp/cokePush v0.0.0-20211210054832-44a31a68ce09 h1:w/7QsLMuGevPK/TTW5Xe/mMWKvD9Yk1138j3RexuG6I=
github.com/chuccp/cokePush v0.0.0-20211210054832-44a31a68ce09/go.mod h1:Hg7xHzbBXJwIAooQLiK7WdgIK9T40TPS2ZCGBvIPrvk=
github.com/chuccp/cokePush v0.0.0-20211212105158-8d789fc7ade5 h1:72QUFZEy3qram/MbPqh+stbOMRKCzJFtj+PxaVFEDxY=
github.com/chuccp/cokePush v0.0.0-20211212105158-8d789fc7ade5/go.mod h1:Hg7xHzbBXJwIAooQLiK7WdgIK9T40TPS2ZCGBvIPrvk=
github.com/magiconair/properties v1.8.5 h1:b6kJs+EmPFMYGkow9GiUyCyOvIwYetYJ3fSaWak/Gls=
github.com/magiconair/properties v1.8.5/go.mod h1:y3VJvCyxH9uVvJTWEGAELF3aiYNyPKd5NZ3oSwXrF60=
